// !$*UTF8*$!
{
	archiveVersion = 1;
	classes = {
	};
	objectVersion = 56;
	objects = {

/* Begin PBXBuildFile section */
		95849DC82999B6CA0039E7FB /* chatAppWithSwiftUIApp.swift in Sources */ = {isa = PBXBuildFile; fileRef = 95849DC72999B6CA0039E7FB /* chatAppWithSwiftUIApp.swift */; };
		95849DCA2999B6CA0039E7FB /* ContentView.swift in Sources */ = {isa = PBXBuildFile; fileRef = 95849DC92999B6CA0039E7FB /* ContentView.swift */; };
		95849DCC2999B6CC0039E7FB /* Assets.xcassets in Resources */ = {isa = PBXBuildFile; fileRef = 95849DCB2999B6CC0039E7FB /* Assets.xcassets */; };
		95849DCF2999B6CC0039E7FB /* Preview Assets.xcassets in Resources */ = {isa = PBXBuildFile; fileRef = 95849DCE2999B6CC0039E7FB /* Preview Assets.xcassets */; };
		95849DD72999BD280039E7FB /* TitleRow.swift in Sources */ = {isa = PBXBuildFile; fileRef = 95849DD62999BD280039E7FB /* TitleRow.swift */; };
		95849DDA2999CA5F0039E7FB /* Message.swift in Sources */ = {isa = PBXBuildFile; fileRef = 95849DD92999CA5F0039E7FB /* Message.swift */; };
		95849DDC2999CAF20039E7FB /* MessageBubble.swift in Sources */ = {isa = PBXBuildFile; fileRef = 95849DDB2999CAF20039E7FB /* MessageBubble.swift */; };
		95849DDE2999CFB70039E7FB /* Extensions.swift in Sources */ = {isa = PBXBuildFile; fileRef = 95849DDD2999CFB70039E7FB /* Extensions.swift */; };
/* End PBXBuildFile section */

/* Begin PBXFileReference section */
		95849DC42999B6CA0039E7FB /* chatAppWithSwiftUI.app */ = {isa = PBXFileReference; explicitFileType = wrapper.application; includeInIndex = 0; path = chatAppWithSwiftUI.app; sourceTree = BUILT_PRODUCTS_DIR; };
		95849DC72999B6CA0039E7FB /* chatAppWithSwiftUIApp.swift */ = {isa = PBXFileReference; lastKnownFileType = sourcecode.swift; path = chatAppWithSwiftUIApp.swift; sourceTree = "<group>"; };
		95849DC92999B6CA0039E7FB /* ContentView.swift */ = {isa = PBXFileReference; lastKnownFileType = sourcecode.swift; path = ContentView.swift; sourceTree = "<group>"; };
		95849DCB2999B6CC0039E7FB /* Assets.xcassets */ = {isa = PBXFileReference; lastKnownFileType = folder.assetcatalog; path = Assets.xcassets; sourceTree = "<group>"; };
		95849DCE2999B6CC0039E7FB /* Preview Assets.xcassets */ = {isa = PBXFileReference; lastKnownFileType = folder.assetcatalog; path = "Preview Assets.xcassets"; sourceTree = "<group>"; };
		95849DD62999BD280039E7FB /* TitleRow.swift */ = {isa = PBXFileReference; lastKnownFileType = sourcecode.swift; path = TitleRow.swift; sourceTree = "<group>"; };
		95849DD92999CA5F0039E7FB /* Message.swift */ = {isa = PBXFileReference; lastKnownFileType = sourcecode.swift; path = Message.swift; sourceTree = "<group>"; };
		95849DDB2999CAF20039E7FB /* MessageBubble.swift */ = {isa = PBXFileReference; lastKnownFileType = sourcecode.swift; path = MessageBubble.swift; sourceTree = "<group>"; };
		95849DDD2999CFB70039E7FB /* Extensions.swift */ = {isa = PBXFileReference; lastKnownFileType = sourcecode.swift; path = Extensions.swift; sourceTree = "<group>"; };
/* End PBXFileReference section */

/* Begin PBXFrameworksBuildPhase section */
		95849DC12999B6CA0039E7FB /* Frameworks */ = {
			isa = PBXFrameworksBuildPhase;
			buildActionMask = 2147483647;
			files = (
			);
			runOnlyForDeploymentPostprocessing = 0;
		};
/* End PBXFrameworksBuildPhase section */

/* Begin PBXGroup section */
		95849DBB2999B6CA0039E7FB = {
			isa = PBXGroup;
			children = (
				95849DC62999B6CA0039E7FB /* chatAppWithSwiftUI */,
				95849DC52999B6CA0039E7FB /* Products */,
			);
			sourceTree = "<group>";
		};
		95849DC52999B6CA0039E7FB /* Products */ = {
			isa = PBXGroup;
			children = (
				95849DC42999B6CA0039E7FB /* chatAppWithSwiftUI.app */,
			);
			name = Products;
			sourceTree = "<group>";
		};
		95849DC62999B6CA0039E7FB /* chatAppWithSwiftUI */ = {
			isa = PBXGroup;
			children = (
				95849DC72999B6CA0039E7FB /* chatAppWithSwiftUIApp.swift */,
				95849DC92999B6CA0039E7FB /* ContentView.swift */,
				95849DD82999CA440039E7FB /* Models */,
				95849DD52999BD0B0039E7FB /* Components */,
				95849DCB2999B6CC0039E7FB /* Assets.xcassets */,
				95849DCD2999B6CC0039E7FB /* Preview Content */,
				95849DDD2999CFB70039E7FB /* Extensions.swift */,
			);
			path = chatAppWithSwiftUI;
			sourceTree = "<group>";
		};
		95849DCD2999B6CC0039E7FB /* Preview Content */ = {
			isa = PBXGroup;
			children = (
				95849DCE2999B6CC0039E7FB /* Preview Assets.xcassets */,
			);
			path = "Preview Content";
			sourceTree = "<group>";
		};
		95849DD52999BD0B0039E7FB /* Components */ = {
			isa = PBXGroup;
			children = (
				95849DD62999BD280039E7FB /* TitleRow.swift */,
				95849DDB2999CAF20039E7FB /* MessageBubble.swift */,
			);
			path = Components;
			sourceTree = "<group>";
		};
		95849DD82999CA440039E7FB /* Models */ = {
			isa = PBXGroup;
			children = (
				95849DD92999CA5F0039E7FB /* Message.swift */,
			);
			path = Models;
			sourceTree = "<group>";
		};
/* End PBXGroup section */

/* Begin PBXNativeTarget section */
		95849DC32999B6CA0039E7FB /* chatAppWithSwiftUI */ = {
			isa = PBXNativeTarget;
			buildConfigurationList = 95849DD22999B6CC0039E7FB /* Build configuration list for PBXNativeTarget "chatAppWithSwiftUI" */;
			buildPhases = (
				95849DC02999B6CA0039E7FB /* Sources */,
				95849DC12999B6CA0039E7FB /* Frameworks */,
				95849DC22999B6CA0039E7FB /* Resources */,
			);
			buildRules = (
			);
			dependencies = (
			);
			name = chatAppWithSwiftUI;
			productName = chatAppWithSwiftUI;
			productReference = 95849DC42999B6CA0039E7FB /* chatAppWithSwiftUI.app */;
			productType = "com.apple.product-type.application";
		};
/* End PBXNativeTarget section */

/* Begin PBXProject section */
		95849DBC2999B6CA0039E7FB /* Project object */ = {
			isa = PBXProject;
			attributes = {
				BuildIndependentTargetsInParallel = 1;
				LastSwiftUpdateCheck = 1420;
				LastUpgradeCheck = 1420;
				TargetAttributes = {
					95849DC32999B6CA0039E7FB = {
						CreatedOnToolsVersion = 14.2;
					};
				};
			};
			buildConfigurationList = 95849DBF2999B6CA0039E7FB /* Build configuration list for PBXProject "chatAppWithSwiftUI" */;
			compatibilityVersion = "Xcode 14.0";
			developmentRegion = en;
			hasScannedForEncodings = 0;
			knownRegions = (
				en,
				Base,
			);
			mainGroup = 95849DBB2999B6CA0039E7FB;
			productRefGroup = 95849DC52999B6CA0039E7FB /* Products */;
			projectDirPath = "";
			projectRoot = "";
			targets = (
				95849DC32999B6CA0039E7FB /* chatAppWithSwiftUI */,
			);
		};
/* End PBXProject section */

/* Begin PBXResourcesBuildPhase section */
		95849DC22999B6CA0039E7FB /* Resources */ = {
			isa = PBXResourcesBuildPhase;
			buildActionMask = 2147483647;
			files = (
				95849DCF2999B6CC0039E7FB /* Preview Assets.xcassets in Resources */,
				95849DCC2999B6CC0039E7FB /* Assets.xcassets in Resources */,
			);
			runOnlyForDeploymentPostprocessing = 0;
		};
/* End PBXResourcesBuildPhase section */

/* Begin PBXSourcesBuildPhase section */
		95849DC02999B6CA0039E7FB /* Sources */ = {
			isa = PBXSourcesBuildPhase;
			buildActionMask = 2147483647;
			files = (
				95849DCA2999B6CA0039E7FB /* ContentView.swift in Sources */,
				95849DDE2999CFB70039E7FB /* Extensions.swift in Sources */,
				95849DDA2999CA5F0039E7FB /* Message.swift in Sources */,
				95849DDC2999CAF20039E7FB /* MessageBubble.swift in Sources */,
				95849DC82999B6CA0039E7FB /* chatAppWithSwiftUIApp.swift in Sources */,
				95849DD72999BD280039E7FB /* TitleRow.swift in Sources */,
			);
			runOnlyForDeploymentPostprocessing = 0;
		};
/* End PBXSourcesBuildPhase section */

/* Begin XCBuildConfiguration section */
		95849DD02999B6CC0039E7FB /* Debug */ = {
			isa = XCBuildConfiguration;
			buildSettings = {
				ALWAYS_SEARCH_USER_PATHS = NO;
				CLANG_ANALYZER_NONNULL = YES;
				CLANG_ANALYZER_NUMBER_OBJECT_CONVERSION = YES_AGGRESSIVE;
				CLANG_CXX_LANGUAGE_STANDARD = "gnu++20";
				CLANG_ENABLE_MODULES = YES;
				CLANG_ENABLE_OBJC_ARC = YES;
				CLANG_ENABLE_OBJC_WEAK = YES;
				CLANG_WARN_BLOCK_CAPTURE_AUTORELEASING = YES;
				CLANG_WARN_BOOL_CONVERSION = YES;
				CLANG_WARN_COMMA = YES;
				CLANG_WARN_CONSTANT_CONVERSION = YES;
				CLANG_WARN_DEPRECATED_OBJC_IMPLEMENTATIONS = YES;
				CLANG_WARN_DIRECT_OBJC_ISA_USAGE = YES_ERROR;
				CLANG_WARN_DOCUMENTATION_COMMENTS = YES;
				CLANG_WARN_EMPTY_BODY = YES;
				CLANG_WARN_ENUM_CONVERSION = YES;
				CLANG_WARN_INFINITE_RECURSION = YES;
				CLANG_WARN_INT_CONVERSION = YES;
				CLANG_WARN_NON_LITERAL_NULL_CONVERSION = YES;
				CLANG_WARN_OBJC_IMPLICIT_RETAIN_SELF = YES;
				CLANG_WARN_OBJC_LITERAL_CONVERSION = YES;
				CLANG_WARN_OBJC_ROOT_CLASS = YES_ERROR;
				CLANG_WARN_QUOTED_INCLUDE_IN_FRAMEWORK_HEADER = YES;
				CLANG_WARN_RANGE_LOOP_ANALYSIS = YES;
				CLANG_WARN_STRICT_PROTOTYPES = YES;
				CLANG_WARN_SUSPICIOUS_MOVE = YES;
				CLANG_WARN_UNGUARDED_AVAILABILITY = YES_AGGRESSIVE;
				CLANG_WARN_UNREACHABLE_CODE = YES;
				CLANG_WARN__DUPLICATE_METHOD_MATCH = YES;
				COPY_PHASE_STRIP = NO;
				DEBUG_INFORMATION_FORMAT = dwarf;
				ENABLE_STRICT_OBJC_MSGSEND = YES;
				ENABLE_TESTABILITY = YES;
				GCC_C_LANGUAGE_STANDARD = gnu11;
				GCC_DYNAMIC_NO_PIC = NO;
				GCC_NO_COMMON_BLOCKS = YES;
				GCC_OPTIMIZATION_LEVEL = 0;
				GCC_PREPROCESSOR_DEFINITIONS = (
					"DEBUG=1",
					"$(inherited)",
				);
				GCC_WARN_64_TO_32_BIT_CONVERSION = YES;
				GCC_WARN_ABOUT_RETURN_TYPE = YES_ERROR;
				GCC_WARN_UNDECLARED_SELECTOR = YES;
				GCC_WARN_UNINITIALIZED_AUTOS = YES_AGGRESSIVE;
				GCC_WARN_UNUSED_FUNCTION = YES;
				GCC_WARN_UNUSED_VARIABLE = YES;
				IPHONEOS_DEPLOYMENT_TARGET = 16.2;
				MTL_ENABLE_DEBUG_INFO = INCLUDE_SOURCE;
				MTL_FAST_MATH = YES;
				ONLY_ACTIVE_ARCH = YES;
				SDKROOT = iphoneos;
				SWIFT_ACTIVE_COMPILATION_CONDITIONS = DEBUG;
				SWIFT_OPTIMIZATION_LEVEL = "-Onone";
			};
			name = Debug;
		};
		95849DD12999B6CC0039E7FB /* Release */ = {
			isa = XCBuildConfiguration;
			buildSettings = {
				ALWAYS_SEARCH_USER_PATHS = NO;
				CLANG_ANALYZER_NONNULL = YES;
				CLANG_ANALYZER_NUMBER_OBJECT_CONVERSION = YES_AGGRESSIVE;
				CLANG_CXX_LANGUAGE_STANDARD = "gnu++20";
				CLANG_ENABLE_MODULES = YES;
				CLANG_ENABLE_OBJC_ARC = YES;
				CLANG_ENABLE_OBJC_WEAK = YES;
				CLANG_WARN_BLOCK_CAPTURE_AUTORELEASING = YES;
				CLANG_WARN_BOOL_CONVERSION = YES;
				CLANG_WARN_COMMA = YES;
				CLANG_WARN_CONSTANT_CONVERSION = YES;
				CLANG_WARN_DEPRECATED_OBJC_IMPLEMENTATIONS = YES;
				CLANG_WARN_DIRECT_OBJC_ISA_USAGE = YES_ERROR;
				CLANG_WARN_DOCUMENTATION_COMMENTS = YES;
				CLANG_WARN_EMPTY_BODY = YES;
				CLANG_WARN_ENUM_CONVERSION = YES;
				CLANG_WARN_INFINITE_RECURSION = YES;
				CLANG_WARN_INT_CONVERSION = YES;
				CLANG_WARN_NON_LITERAL_NULL_CONVERSION = YES;
				CLANG_WARN_OBJC_IMPLICIT_RETAIN_SELF = YES;
				CLANG_WARN_OBJC_LITERAL_CONVERSION = YES;
				CLANG_WARN_OBJC_ROOT_CLASS = YES_ERROR;
				CLANG_WARN_QUOTED_INCLUDE_IN_FRAMEWORK_HEADER = YES;
				CLANG_WARN_RANGE_LOOP_ANALYSIS = YES;
				CLANG_WARN_STRICT_PROTOTYPES = YES;
				CLANG_WARN_SUSPICIOUS_MOVE = YES;
				CLANG_WARN_UNGUARDED_AVAILABILITY = YES_AGGRESSIVE;
				CLANG_WARN_UNREACHABLE_CODE = YES;
				CLANG_WARN__DUPLICATE_METHOD_MATCH = YES;
				COPY_PHASE_STRIP = NO;
				DEBUG_INFORMATION_FORMAT = "dwarf-with-dsym";
				ENABLE_NS_ASSERTIONS = NO;
				ENABLE_STRICT_OBJC_MSGSEND = YES;
				GCC_C_LANGUAGE_STANDARD = gnu11;
				GCC_NO_COMMON_BLOCKS = YES;
				GCC_WARN_64_TO_32_BIT_CONVERSION = YES;
				GCC_WARN_ABOUT_RETURN_TYPE = YES_ERROR;
				GCC_WARN_UNDECLARED_SELECTOR = YES;
				GCC_WARN_UNINITIALIZED_AUTOS = YES_AGGRESSIVE;
				GCC_WARN_UNUSED_FUNCTION = YES;
				GCC_WARN_UNUSED_VARIABLE = YES;
				IPHONEOS_DEPLOYMENT_TARGET = 16.2;
				MTL_ENABLE_DEBUG_INFO = NO;
				MTL_FAST_MATH = YES;
				SDKROOT = iphoneos;
				SWIFT_COMPILATION_MODE = wholemodule;
				SWIFT_OPTIMIZATION_LEVEL = "-O";
				VALIDATE_PRODUCT = YES;
			};
			name = Release;
		};
		95849DD32999B6CC0039E7FB /* Debug */ = {
			isa = XCBuildConfiguration;
			buildSettings = {
				ASSETCATALOG_COMPILER_APPICON_NAME = AppIcon;
				ASSETCATALOG_COMPILER_GLOBAL_ACCENT_COLOR_NAME = AccentColor;
				CODE_SIGN_STYLE = Automatic;
				CURRENT_PROJECT_VERSION = 1;
				DEVELOPMENT_ASSET_PATHS = "\"chatAppWithSwiftUI/Preview Content\"";
				DEVELOPMENT_TEAM = NQ2VNMC2GR;
				ENABLE_PREVIEWS = YES;
				GENERATE_INFOPLIST_FILE = YES;
				INFOPLIST_KEY_UIApplicationSceneManifest_Generation = YES;
				INFOPLIST_KEY_UIApplicationSupportsIndirectInputEvents = YES;
				INFOPLIST_KEY_UILaunchScreen_Generation = YES;
				INFOPLIST_KEY_UISupportedInterfaceOrientations_iPad = "UIInterfaceOrientationPortrait UIInterfaceOrientationPortraitUpsideDown UIInterfaceOrientationLandscapeLeft UIInterfaceOrientationLandscapeRight";
				INFOPLIST_KEY_UISupportedInterfaceOrientations_iPhone = "UIInterfaceOrientationPortrait UIInterfaceOrientationLandscapeLeft UIInterfaceOrientationLandscapeRight";
				LD_RUNPATH_SEARCH_PATHS = (
					"$(inherited)",
					"@executable_path/Frameworks",
				);
				MARKETING_VERSION = 1.0;
				PRODUCT_BUNDLE_IDENTIFIER = ismv.chatAppWithSwiftUI;
				PRODUCT_NAME = "$(TARGET_NAME)";
				SWIFT_EMIT_LOC_STRINGS = YES;
				SWIFT_VERSION = 5.0;
				TARGETED_DEVICE_FAMILY = "1,2";
			};
			name = Debug;
		};
		95849DD42999B6CC0039E7FB /* Release */ = {
			isa = XCBuildConfiguration;
			buildSettings = {
				ASSETCATALOG_COMPILER_APPICON_NAME = AppIcon;
				ASSETCATALOG_COMPILER_GLOBAL_ACCENT_COLOR_NAME = AccentColor;
				CODE_SIGN_STYLE = Automatic;
				CURRENT_PROJECT_VERSION = 1;
				DEVELOPMENT_ASSET_PATHS = "\"chatAppWithSwiftUI/Preview Content\"";
				DEVELOPMENT_TEAM = NQ2VNMC2GR;
				ENABLE_PREVIEWS = YES;
				GENERATE_INFOPLIST_FILE = YES;
				INFOPLIST_KEY_UIApplicationSceneManifest_Generation = YES;
				INFOPLIST_KEY_UIApplicationSupportsIndirectInputEvents = YES;
				INFOPLIST_KEY_UILaunchScreen_Generation = YES;
				INFOPLIST_KEY_UISupportedInterfaceOrientations_iPad = "UIInterfaceOrientationPortrait UIInterfaceOrientationPortraitUpsideDown UIInterfaceOrientationLandscapeLeft UIInterfaceOrientationLandscapeRight";
				INFOPLIST_KEY_UISupportedInterfaceOrientations_iPhone = "UIInterfaceOrientationPortrait UIInterfaceOrientationLandscapeLeft UIInterfaceOrientationLandscapeRight";
				LD_RUNPATH_SEARCH_PATHS = (
					"$(inherited)",
					"@executable_path/Frameworks",
				);
				MARKETING_VERSION = 1.0;
				PRODUCT_BUNDLE_IDENTIFIER = ismv.chatAppWithSwiftUI;
				PRODUCT_NAME = "$(TARGET_NAME)";
				SWIFT_EMIT_LOC_STRINGS = YES;
				SWIFT_VERSION = 5.0;
				TARGETED_DEVICE_FAMILY = "1,2";
			};
			name = Release;
		};
/* End XCBuildConfiguration section */

/* Begin XCConfigurationList section */
		95849DBF2999B6CA0039E7FB /* Build configuration list for PBXProject "chatAppWithSwiftUI" */ = {
			isa = XCConfigurationList;
			buildConfigurations = (
				95849DD02999B6CC0039E7FB /* Debug */,
				95849DD12999B6CC0039E7FB /* Release */,
			);
			defaultConfigurationIsVisible = 0;
			defaultConfigurationName = Release;
		};
		95849DD22999B6CC0039E7FB /* Build configuration list for PBXNativeTarget "chatAppWithSwiftUI" */ = {
			isa = XCConfigurationList;
			buildConfigurations = (
				95849DD32999B6CC0039E7FB /* Debug */,
				95849DD42999B6CC0039E7FB /* Release */,
			);
			defaultConfigurationIsVisible = 0;
			defaultConfigurationName = Release;
		};
/* End XCConfigurationList section */
	};
	rootObject = 95849DBC2999B6CA0039E7FB /* Project object */;
}
